
Microsoft Visual Studio Solution File, Format Version 12.00
# Visual Studio Version 17
VisualStudioVersion = 17.5.33516.290
MinimumVisualStudioVersion = 10.0.40219.1
Project("{FAE04EC0-301F-11D3-BF4B-00C04F79EFBC}") = "Bibiliotique", "Bibiliotique.csproj", "{81F704F4-3E19-4866-AE9D-D8073D16ADBF}"
EndProject
Global
	GlobalSection(SolutionConfigurationPlatforms) = preSolution
		Debug|Any CPU = Debug|Any CPU
		Release|Any CPU = Release|Any CPU
	EndGlobalSection
	GlobalSection(ProjectConfigurationPlatforms) = postSolution
		{81F704F4-3E19-4866-AE9D-D8073D16ADBF}.Debug|Any CPU.ActiveCfg = Debug|Any CPU
		{81F704F4-3E19-4866-AE9D-D8073D16ADBF}.Debug|Any CPU.Build.0 = Debug|Any CPU
		{81F704F4-3E19-4866-AE9D-D8073D16ADBF}.Release|Any CPU.ActiveCfg = Release|Any CPU
		{81F704F4-3E19-4866-AE9D-D8073D16ADBF}.Release|Any CPU.Build.0 = Release|Any CPU
	EndGlobalSection
	GlobalSection(SolutionProperties) = preSolution
		HideSolutionNode = FALSE
	EndGlobalSection
	GlobalSection(ExtensibilityGlobals) = postSolution
		SolutionGuid = {A3C05512-24C3-41D0-A872-D4DDB3BDE8F8}
	EndGlobalSection
EndGlobal
